
Microsoft Visual Studio Solution File, Format Version 12.00
# Visual Studio Version 17
VisualStudioVersion = 17.8.34330.188
MinimumVisualStudioVersion = 10.0.40219.1
Project("{FAE04EC0-301F-11D3-BF4B-00C04F79EFBC}") = "MauiToolbarItemIssue", "MauiToolbarItemIssue\MauiToolbarItemIssue.csproj", "{5AF12222-66A1-4194-8C1C-9E6FEAD0917A}"
EndProject
Global
	GlobalSection(SolutionConfigurationPlatforms) = preSolution
		Debug|Any CPU = Debug|Any CPU
		Release|Any CPU = Release|Any CPU
	EndGlobalSection
	GlobalSection(ProjectConfigurationPlatforms) = postSolution
		{5AF12222-66A1-4194-8C1C-9E6FEAD0917A}.Debug|Any CPU.ActiveCfg = Debug|Any CPU
		{5AF12222-66A1-4194-8C1C-9E6FEAD0917A}.Debug|Any CPU.Build.0 = Debug|Any CPU
		{5AF12222-66A1-4194-8C1C-9E6FEAD0917A}.Debug|Any CPU.Deploy.0 = Debug|Any CPU
		{5AF12222-66A1-4194-8C1C-9E6FEAD0917A}.Release|Any CPU.ActiveCfg = Release|Any CPU
		{5AF12222-66A1-4194-8C1C-9E6FEAD0917A}.Release|Any CPU.Build.0 = Release|Any CPU
		{5AF12222-66A1-4194-8C1C-9E6FEAD0917A}.Release|Any CPU.Deploy.0 = Release|Any CPU
	EndGlobalSection
	GlobalSection(SolutionProperties) = preSolution
		HideSolutionNode = FALSE
	EndGlobalSection
	GlobalSection(ExtensibilityGlobals) = postSolution
		SolutionGuid = {DC6C0874-59BC-4B97-964A-ACC3291D72D3}
	EndGlobalSection
EndGlobal
